hash: 594323cf7aea9ec5976f354369e4d117fb72541bff5d56fff5a87c6418fb5a76
updated: 2016-08-16T11:20:40.057074917+01:00
imports:
- name: github.com/atotto/clipboard
  version: bb272b845f1112e10117e3e45ce39f690c0001ad
- name: github.com/limetext/backend
  version: master
  subpackages:
  - clipboard
  - keys
  - log
  - packages
  - parser
  - render
  - watch
- name: github.com/limetext/loaders
  version: master
  subpackages:
  - json
  - plist
- name: github.com/limetext/log4go
  version: master
- name: github.com/limetext/rubex
  version: master
- name: github.com/limetext/text
  version: master
- name: github.com/limetext/util
  version: master
- name: github.com/quarnster/parser
  version: 8991807ce6d383a41077a642b7b381eba1df7064
- name: github.com/rjeczalik/notify
  version: 48fbf980305bec9be7717fb46bb9bf2c5059c2e0
testImports: []
